
Microsoft Visual Studio Solution File, Format Version 12.00
# Visual Studio 15
VisualStudioVersion = 15.0.28307.572
MinimumVisualStudioVersion = 10.0.40219.1
Project("{FAE04EC0-301F-11D3-BF4B-00C04F79EFBC}") = "prjMVC", "prjMVC\prjMVC.csproj", "{9199D2C1-B2B5-406E-AAC0-911F24BD11B5}"
EndProject
Global
	GlobalSection(SolutionConfigurationPlatforms) = preSolution
		Debug|Any CPU = Debug|Any CPU
		Release|Any CPU = Release|Any CPU
	EndGlobalSection
	GlobalSection(ProjectConfigurationPlatforms) = postSolution
		{9199D2C1-B2B5-406E-AAC0-911F24BD11B5}.Debug|Any CPU.ActiveCfg = Debug|Any CPU
		{9199D2C1-B2B5-406E-AAC0-911F24BD11B5}.Debug|Any CPU.Build.0 = Debug|Any CPU
		{9199D2C1-B2B5-406E-AAC0-911F24BD11B5}.Release|Any CPU.ActiveCfg = Release|Any CPU
		{9199D2C1-B2B5-406E-AAC0-911F24BD11B5}.Release|Any CPU.Build.0 = Release|Any CPU
	EndGlobalSection
	GlobalSection(SolutionProperties) = preSolution
		HideSolutionNode = FALSE
	EndGlobalSection
	GlobalSection(ExtensibilityGlobals) = postSolution
		SolutionGuid = {5E09BAD5-CD50-4EE2-8D62-A4626F06C44F}
	EndGlobalSection
EndGlobal
